{
  "nodes": {
    "modelkeepV021": {
      "flake": false,
      "locked": {
        "lastModified": 1787295953,
        "narHash": "sha256-+uQFLZwUSPgAigF21y5WMqrsMXvupjW25rhdd5Km3Q0=",
        "owner": "kaznak",
        "repo": "modelkeep",
        "rev": "1e7c82b5b0d0b5f89d463b18dbb6c4d2398367d4",
        "type": "github"
      },
      "original": {
        "owner": "kaznak",
        "repo": "modelkeep",
        "rev": "1e7c82b5b0d0b5f89d463b18dbb6c4d2398367d4",
        "type": "github"
      }
    },
    "nixpkgs": {
      "locked": {
        "lastModified": 1787172299,
        "narHash": "sha256-PShzS87awOlE5XWkxUGBd/58/F+AtE2ZMgFffKj4r8s=",
        "owner": "NixOS",
        "repo": "nixpkgs",
        "rev": "07e1d92cdc0ed416cfa11ff3ca40d17e61cfba7a",
        "type": "github"
      },
      "original": {
        "owner": "NixOS",
        "ref": "nixpkgs-unstable",
        "repo": "nixpkgs",
        "type": "github"
      }
    },
    "root": {
      "inputs": {
        "modelkeepV021": "modelkeepV021",
        "nixpkgs": "nixpkgs"
      }
    }
  },
  "root": "root",
  "version": 7
}
